
Microsoft Visual Studio Solution File, Format Version 12.00
# Visual Studio 15
VisualStudioVersion = 15.0.27130.2036
MinimumVisualStudioVersion = 10.0.40219.1
Project("{888888A0-9F3D-457C-B088-3A5042F75D52}") = "DogsCats_TransferTest", "DogsCats_TransferTest\DogsCats_TransferTest.pyproj", "{4454EF8D-CD23-4A09-A397-9E43B07FCCAA}"
EndProject
Global
	GlobalSection(SolutionConfigurationPlatforms) = preSolution
		Debug|Any CPU = Debug|Any CPU
		Release|Any CPU = Release|Any CPU
	EndGlobalSection
	GlobalSection(ProjectConfigurationPlatforms) = postSolution
		{4454EF8D-CD23-4A09-A397-9E43B07FCCAA}.Debug|Any CPU.ActiveCfg = Debug|Any CPU
		{4454EF8D-CD23-4A09-A397-9E43B07FCCAA}.Release|Any CPU.ActiveCfg = Release|Any CPU
	EndGlobalSection
	GlobalSection(SolutionProperties) = preSolution
		HideSolutionNode = FALSE
	EndGlobalSection
	GlobalSection(ExtensibilityGlobals) = postSolution
		SolutionGuid = {E3B8905A-42F0-4DC0-BC2B-6BBB312BBD6A}
	EndGlobalSection
EndGlobal
